
Microsoft Visual Studio Solution File, Format Version 12.00
# Visual Studio Version 17
VisualStudioVersion = 17.2.32616.157
MinimumVisualStudioVersion = 10.0.40219.1
Project("{FAE04EC0-301F-11D3-BF4B-00C04F79EFBC}") = "ProjectVehicles", "ProjectVehicles\ProjectVehicles.csproj", "{188FA601-DB25-47A0-A9F2-0899205DB504}"
EndProject
Project("{2150E333-8FDC-42A3-9474-1A3956D46DE8}") = "1.Services", "1.Services", "{B9EEB8F9-9DB1-4265-83B0-EE3819F584FD}"
EndProject
Project("{2150E333-8FDC-42A3-9474-1A3956D46DE8}") = "2.Core", "2.Core", "{854B51DB-08E1-414F-A5F5-31094E06A46D}"
EndProject
Project("{2150E333-8FDC-42A3-9474-1A3956D46DE8}") = "3.Entities", "3.Entities", "{A01C15BC-9F9C-4714-89A2-146BA1A33786}"
EndProject
Project("{2150E333-8FDC-42A3-9474-1A3956D46DE8}") = "4.DbMapping", "4.DbMapping", "{3276A4B9-5752-4EA9-8933-864765A56651}"
EndProject
Project("{2150E333-8FDC-42A3-9474-1A3956D46DE8}") = "CoreApi", "CoreApi", "{1B1A27AB-ADEE-45E2-97A6-0E8F7DEADA2D}"
EndProject
Project("{FAE04EC0-301F-11D3-BF4B-00C04F79EFBC}") = "CoreController", "CoreController\CoreController.csproj", "{C67F36F7-B7BC-4044-B9F2-B0EFC1F0F41F}"
EndProject
Project("{FAE04EC0-301F-11D3-BF4B-00C04F79EFBC}") = "Security", "Security\Security.csproj", "{C461E878-7ACB-4BC6-89C8-E7F8004F66AD}"
EndProject
Project("{FAE04EC0-301F-11D3-BF4B-00C04F79EFBC}") = "USER_APP", "USER_APP\USER_APP.csproj", "{BD5C30FE-51DA-4555-93AF-FF4604CAF74D}"
EndProject
Project("{FAE04EC0-301F-11D3-BF4B-00C04F79EFBC}") = "IT_APP", "IT_APP\IT_APP.csproj", "{96CB1D94-4F1B-4B21-992E-51375483A93E}"
EndProject
Project("{2150E333-8FDC-42A3-9474-1A3956D46DE8}") = "DataCore", "DataCore", "{C498CB3C-55C9-47BB-81FE-F3F1571F6422}"
EndProject
Project("{FAE04EC0-301F-11D3-BF4B-00C04F79EFBC}") = "Persistence", "Persistence\Persistence.csproj", "{D56FF1D6-8702-420A-A288-0F64CB3DE51F}"
EndProject
Project("{FAE04EC0-301F-11D3-BF4B-00C04F79EFBC}") = "Domain", "Domain\Domain.csproj", "{04D26691-9450-4312-9F00-9934330994E0}"
EndProject
Project("{FAE04EC0-301F-11D3-BF4B-00C04F79EFBC}") = "Entities", "Entities\Entities.csproj", "{558AE362-BF5C-44CE-AC35-767795BEDE2B}"
EndProject
Global
	GlobalSection(SolutionConfigurationPlatforms) = preSolution
		Debug|Any CPU = Debug|Any CPU
		Release|Any CPU = Release|Any CPU
	EndGlobalSection
	GlobalSection(ProjectConfigurationPlatforms) = postSolution
		{188FA601-DB25-47A0-A9F2-0899205DB504}.Debug|Any CPU.ActiveCfg = Debug|Any CPU
		{188FA601-DB25-47A0-A9F2-0899205DB504}.Debug|Any CPU.Build.0 = Debug|Any CPU
		{188FA601-DB25-47A0-A9F2-0899205DB504}.Release|Any CPU.ActiveCfg = Release|Any CPU
		{188FA601-DB25-47A0-A9F2-0899205DB504}.Release|Any CPU.Build.0 = Release|Any CPU
		{C67F36F7-B7BC-4044-B9F2-B0EFC1F0F41F}.Debug|Any CPU.ActiveCfg = Debug|Any CPU
		{C67F36F7-B7BC-4044-B9F2-B0EFC1F0F41F}.Debug|Any CPU.Build.0 = Debug|Any CPU
		{C67F36F7-B7BC-4044-B9F2-B0EFC1F0F41F}.Release|Any CPU.ActiveCfg = Release|Any CPU
		{C67F36F7-B7BC-4044-B9F2-B0EFC1F0F41F}.Release|Any CPU.Build.0 = Release|Any CPU
		{C461E878-7ACB-4BC6-89C8-E7F8004F66AD}.Debug|Any CPU.ActiveCfg = Debug|Any CPU
		{C461E878-7ACB-4BC6-89C8-E7F8004F66AD}.Debug|Any CPU.Build.0 = Debug|Any CPU
		{C461E878-7ACB-4BC6-89C8-E7F8004F66AD}.Release|Any CPU.ActiveCfg = Release|Any CPU
		{C461E878-7ACB-4BC6-89C8-E7F8004F66AD}.Release|Any CPU.Build.0 = Release|Any CPU
		{BD5C30FE-51DA-4555-93AF-FF4604CAF74D}.Debug|Any CPU.ActiveCfg = Debug|Any CPU
		{BD5C30FE-51DA-4555-93AF-FF4604CAF74D}.Debug|Any CPU.Build.0 = Debug|Any CPU
		{BD5C30FE-51DA-4555-93AF-FF4604CAF74D}.Release|Any CPU.ActiveCfg = Release|Any CPU
		{BD5C30FE-51DA-4555-93AF-FF4604CAF74D}.Release|Any CPU.Build.0 = Release|Any CPU
		{96CB1D94-4F1B-4B21-992E-51375483A93E}.Debug|Any CPU.ActiveCfg = Debug|Any CPU
		{96CB1D94-4F1B-4B21-992E-51375483A93E}.Debug|Any CPU.Build.0 = Debug|Any CPU
		{96CB1D94-4F1B-4B21-992E-51375483A93E}.Release|Any CPU.ActiveCfg = Release|Any CPU
		{96CB1D94-4F1B-4B21-992E-51375483A93E}.Release|Any CPU.Build.0 = Release|Any CPU
		{D56FF1D6-8702-420A-A288-0F64CB3DE51F}.Debug|Any CPU.ActiveCfg = Debug|Any CPU
		{D56FF1D6-8702-420A-A288-0F64CB3DE51F}.Debug|Any CPU.Build.0 = Debug|Any CPU
		{D56FF1D6-8702-420A-A288-0F64CB3DE51F}.Release|Any CPU.ActiveCfg = Release|Any CPU
		{D56FF1D6-8702-420A-A288-0F64CB3DE51F}.Release|Any CPU.Build.0 = Release|Any CPU
		{04D26691-9450-4312-9F00-9934330994E0}.Debug|Any CPU.ActiveCfg = Debug|Any CPU
		{04D26691-9450-4312-9F00-9934330994E0}.Debug|Any CPU.Build.0 = Debug|Any CPU
		{04D26691-9450-4312-9F00-9934330994E0}.Release|Any CPU.ActiveCfg = Release|Any CPU
		{04D26691-9450-4312-9F00-9934330994E0}.Release|Any CPU.Build.0 = Release|Any CPU
		{558AE362-BF5C-44CE-AC35-767795BEDE2B}.Debug|Any CPU.ActiveCfg = Debug|Any CPU
		{558AE362-BF5C-44CE-AC35-767795BEDE2B}.Debug|Any CPU.Build.0 = Debug|Any CPU
		{558AE362-BF5C-44CE-AC35-767795BEDE2B}.Release|Any CPU.ActiveCfg = Release|Any CPU
		{558AE362-BF5C-44CE-AC35-767795BEDE2B}.Release|Any CPU.Build.0 = Release|Any CPU
	EndGlobalSection
	GlobalSection(SolutionProperties) = preSolution
		HideSolutionNode = FALSE
	EndGlobalSection
	GlobalSection(NestedProjects) = preSolution
		{188FA601-DB25-47A0-A9F2-0899205DB504} = {B9EEB8F9-9DB1-4265-83B0-EE3819F584FD}
		{1B1A27AB-ADEE-45E2-97A6-0E8F7DEADA2D} = {854B51DB-08E1-414F-A5F5-31094E06A46D}
		{C67F36F7-B7BC-4044-B9F2-B0EFC1F0F41F} = {1B1A27AB-ADEE-45E2-97A6-0E8F7DEADA2D}
		{C461E878-7ACB-4BC6-89C8-E7F8004F66AD} = {1B1A27AB-ADEE-45E2-97A6-0E8F7DEADA2D}
		{BD5C30FE-51DA-4555-93AF-FF4604CAF74D} = {854B51DB-08E1-414F-A5F5-31094E06A46D}
		{96CB1D94-4F1B-4B21-992E-51375483A93E} = {854B51DB-08E1-414F-A5F5-31094E06A46D}
		{C498CB3C-55C9-47BB-81FE-F3F1571F6422} = {3276A4B9-5752-4EA9-8933-864765A56651}
		{D56FF1D6-8702-420A-A288-0F64CB3DE51F} = {C498CB3C-55C9-47BB-81FE-F3F1571F6422}
		{04D26691-9450-4312-9F00-9934330994E0} = {3276A4B9-5752-4EA9-8933-864765A56651}
		{558AE362-BF5C-44CE-AC35-767795BEDE2B} = {A01C15BC-9F9C-4714-89A2-146BA1A33786}
	EndGlobalSection
	GlobalSection(ExtensibilityGlobals) = postSolution
		SolutionGuid = {EFDECE0D-0394-4767-B805-D4458EA0B0C3}
	EndGlobalSection
EndGlobal
